
Microsoft Visual Studio Solution File, Format Version 10.00
# Visual C# Express 2008
Project("{FAE04EC0-301F-11D3-BF4B-00C04F79EFBC}") = "prglng", "prglng\prglng.csproj", "{5879352A-9445-4614-A564-9D1201B18525}"
EndProject
Global
	GlobalSection(SolutionConfigurationPlatforms) = preSolution
		Debug|Any CPU = Debug|Any CPU
		Release|Any CPU = Release|Any CPU
	EndGlobalSection
	GlobalSection(ProjectConfigurationPlatforms) = postSolution
		{5879352A-9445-4614-A564-9D1201B18525}.Debug|Any CPU.ActiveCfg = Debug|Any CPU
		{5879352A-9445-4614-A564-9D1201B18525}.Debug|Any CPU.Build.0 = Debug|Any CPU
		{5879352A-9445-4614-A564-9D1201B18525}.Release|Any CPU.ActiveCfg = Release|Any CPU
		{5879352A-9445-4614-A564-9D1201B18525}.Release|Any CPU.Build.0 = Release|Any CPU
	EndGlobalSection
	GlobalSection(SolutionProperties) = preSolution
		HideSolutionNode = FALSE
	EndGlobalSection
EndGlobal
